// !$*UTF8*$!
{
	archiveVersion = 1;
	classes = {
	};
	objectVersion = 46;
	objects = {

/* Begin PBXBuildFile section */
		4E65519715260EAC00C64AD5 /* Q1.PNG in Resources */ = {isa = PBXBuildFile; fileRef = 4E65519615260EAC00C64AD5 /* Q1.PNG */; };
		4E65519B15260FF100C64AD5 /* GKAllDrivers.m in Sources */ = {isa = PBXBuildFile; fileRef = 4E65519915260FF100C64AD5 /* GKAllDrivers.m */; };
		4E65519F1526119000C64AD5 /* GKDriverCell.m in Sources */ = {isa = PBXBuildFile; fileRef = 4E65519E1526119000C64AD5 /* GKDriverCell.m */; };
		4E699105152601C700E834FE /* UIKit.framework in Frameworks */ = {isa = PBXBuildFile; fileRef = 4E699104152601C700E834FE /* UIKit.framework */; };
		4E699107152601C700E834FE /* Foundation.framework in Frameworks */ = {isa = PBXBuildFile; fileRef = 4E699106152601C700E834FE /* Foundation.framework */; };
		4E699109152601C700E834FE /* CoreGraphics.framework in Frameworks */ = {isa = PBXBuildFile; fileRef = 4E699108152601C700E834FE /* CoreGraphics.framework */; };
		4E69910F152601C700E834FE /* InfoPlist.strings in Resources */ = {isa = PBXBuildFile; fileRef = 4E69910D152601C700E834FE /* InfoPlist.strings */; };
		4E699111152601C700E834FE /* main.m in Sources */ = {isa = PBXBuildFile; fileRef = 4E699110152601C700E834FE /* main.m */; };
		4E699115152601C700E834FE /* GKAppDelegate.m in Sources */ = {isa = PBXBuildFile; fileRef = 4E699114152601C700E834FE /* GKAppDelegate.m */; };
		4E699118152601C700E834FE /* MainStoryboard.storyboard in Resources */ = {isa = PBXBuildFile; fileRef = 4E699116152601C700E834FE /* MainStoryboard.storyboard */; };
		4E69911D152601C700E834FE /* first.png in Resources */ = {isa = PBXBuildFile; fileRef = 4E69911C152601C700E834FE /* first.png */; };
		4E69911F152601C700E834FE /* first@2x.png in Resources */ = {isa = PBXBuildFile; fileRef = 4E69911E152601C700E834FE /* first@2x.png */; };
		4E699122152601C700E834FE /* GKSecondViewController.m in Sources */ = {isa = PBXBuildFile; fileRef = 4E699121152601C700E834FE /* GKSecondViewController.m */; };
		4E699124152601C700E834FE /* second.png in Resources */ = {isa = PBXBuildFile; fileRef = 4E699123152601C700E834FE /* second.png */; };
		4E699126152601C700E834FE /* second@2x.png in Resources */ = {isa = PBXBuildFile; fileRef = 4E699125152601C700E834FE /* second@2x.png */; };
		4E69912D152601F400E834FE /* CoreData.framework in Frameworks */ = {isa = PBXBuildFile; fileRef = 4E69912C152601F400E834FE /* CoreData.framework */; };
		4E6991331526039300E834FE /* AddressBook.framework in Frameworks */ = {isa = PBXBuildFile; fileRef = 4E6991311526039300E834FE /* AddressBook.framework */; };
		4E6991341526039300E834FE /* AddressBookUI.framework in Frameworks */ = {isa = PBXBuildFile; fileRef = 4E6991321526039300E834FE /* AddressBookUI.framework */; };
		4E7023651527360B001CAC8E /* GKNewDriveController.m in Sources */ = {isa = PBXBuildFile; fileRef = 4E7023641527360B001CAC8E /* GKNewDriveController.m */; };
		4E70236F15274482001CAC8E /* GKDateChooser.m in Sources */ = {isa = PBXBuildFile; fileRef = 4E70236E15274482001CAC8E /* GKDateChooser.m */; };
		4E87C1E915266D46002D27EC /* CoreDataTableViewController.m in Sources */ = {isa = PBXBuildFile; fileRef = 4E87C1E815266D46002D27EC /* CoreDataTableViewController.m */; };
		4E87C1EF15267C8E002D27EC /* GKSetDriverName.m in Sources */ = {isa = PBXBuildFile; fileRef = 4E87C1EE15267C8E002D27EC /* GKSetDriverName.m */; };
		4E87C20315269604002D27EC /* Model.xcdatamodeld in Sources */ = {isa = PBXBuildFile; fileRef = 4E87C20115269604002D27EC /* Model.xcdatamodeld */; };
		C516B6F81528F192001DA3FD /* GKManagedDrive.m in Sources */ = {isa = PBXBuildFile; fileRef = C516B6F71528F192001DA3FD /* GKManagedDrive.m */; };
		C516B6FB1528F192001DA3FD /* GKManagedDriver.m in Sources */ = {isa = PBXBuildFile; fileRef = C516B6FA1528F192001DA3FD /* GKManagedDriver.m */; };
		C516B6FE1528F192001DA3FD /* GKManagedDebt.m in Sources */ = {isa = PBXBuildFile; fileRef = C516B6FD1528F192001DA3FD /* GKManagedDebt.m */; };
		C53F703D152806AE00688163 /* GKCarpoolDB.m in Sources */ = {isa = PBXBuildFile; fileRef = C53F703C152806AE00688163 /* GKCarpoolDB.m */; };
		C53F704415282CAE00688163 /* GKManagedDrive+CreateDrive.m in Sources */ = {isa = PBXBuildFile; fileRef = C53F704315282CAE00688163 /* GKManagedDrive+CreateDrive.m */; };
/* End PBXBuildFile section */

/* Begin PBXFileReference section */
		4E65519615260EAC00C64AD5 /* Q1.PNG */ = {isa = PBXFileReference; lastKnownFileType = image.png; path = Q1.PNG; sourceTree = "<group>"; };
		4E65519815260FF100C64AD5 /* GKAllDrivers.h */ = {isa = PBXFileReference; fileEncoding = 4; lastKnownFileType = sourcecode.c.h; path = GKAllDrivers.h; sourceTree = "<group>"; };
		4E65519915260FF100C64AD5 /* GKAllDrivers.m */ = {isa = PBXFileReference; fileEncoding = 4; lastKnownFileType = sourcecode.c.objc; path = GKAllDrivers.m; sourceTree = "<group>"; };
		4E65519D1526119000C64AD5 /* GKDriverCell.h */ = {isa = PBXFileReference; fileEncoding = 4; lastKnownFileType = sourcecode.c.h; path = GKDriverCell.h; sourceTree = "<group>"; };
		4E65519E1526119000C64AD5 /* GKDriverCell.m */ = {isa = PBXFileReference; fileEncoding = 4; lastKnownFileType = sourcecode.c.objc; path = GKDriverCell.m; sourceTree = "<group>"; };
		4E699100152601C700E834FE /* GKCoreDataExperiment.app */ = {isa = PBXFileReference; explicitFileType = wrapper.application; includeInIndex = 0; path = GKCoreDataExperiment.app; sourceTree = BUILT_PRODUCTS_DIR; };
		4E699104152601C700E834FE /* UIKit.framework */ = {isa = PBXFileReference; lastKnownFileType = wrapper.framework; name = UIKit.framework; path = System/Library/Frameworks/UIKit.framework; sourceTree = SDKROOT; };
		4E699106152601C700E834FE /* Foundation.framework */ = {isa = PBXFileReference; lastKnownFileType = wrapper.framework; name = Foundation.framework; path = System/Library/Frameworks/Foundation.framework; sourceTree = SDKROOT; };
		4E699108152601C700E834FE /* CoreGraphics.framework */ = {isa = PBXFileReference; lastKnownFileType = wrapper.framework; name = CoreGraphics.framework; path = System/Library/Frameworks/CoreGraphics.framework; sourceTree = SDKROOT; };
		4E69910C152601C700E834FE /* GKCoreDataExperiment-Info.plist */ = {isa = PBXFileReference; lastKnownFileType = text.plist.xml; path = "GKCoreDataExperiment-Info.plist"; sourceTree = "<group>"; };
		4E69910E152601C700E834FE /* en */ = {isa = PBXFileReference; lastKnownFileType = text.plist.strings; name = en; path = en.lproj/InfoPlist.strings; sourceTree = "<group>"; };
		4E699110152601C700E834FE /* main.m */ = {isa = PBXFileReference; lastKnownFileType = sourcecode.c.objc; path = main.m; sourceTree = "<group>"; };
		4E699112152601C700E834FE /* GKCoreDataExperiment-Prefix.pch */ = {isa = PBXFileReference; lastKnownFileType = sourcecode.c.h; path = "GKCoreDataExperiment-Prefix.pch"; sourceTree = "<group>"; };
		4E699113152601C700E834FE /* GKAppDelegate.h */ = {isa = PBXFileReference; lastKnownFileType = sourcecode.c.h; path = GKAppDelegate.h; sourceTree = "<group>"; };
		4E699114152601C700E834FE /* GKAppDelegate.m */ = {isa = PBXFileReference; lastKnownFileType = sourcecode.c.objc; path = GKAppDelegate.m; sourceTree = "<group>"; };
		4E699117152601C700E834FE /* en */ = {isa = PBXFileReference; lastKnownFileType = file.storyboard; name = en; path = en.lproj/MainStoryboard.storyboard; sourceTree = "<group>"; };
		4E69911C152601C700E834FE /* first.png */ = {isa = PBXFileReference; lastKnownFileType = image.png; path = first.png; sourceTree = "<group>"; };
		4E69911E152601C700E834FE /* first@2x.png */ = {isa = PBXFileReference; lastKnownFileType = image.png; path = "first@2x.png"; sourceTree = "<group>"; };
		4E699120152601C700E834FE /* GKSecondViewController.h */ = {isa = PBXFileReference; lastKnownFileType = sourcecode.c.h; path = GKSecondViewController.h; sourceTree = "<group>"; };
		4E699121152601C700E834FE /* GKSecondViewController.m */ = {isa = PBXFileReference; lastKnownFileType = sourcecode.c.objc; path = GKSecondViewController.m; sourceTree = "<group>"; };
		4E699123152601C700E834FE /* second.png */ = {isa = PBXFileReference; lastKnownFileType = image.png; path = second.png; sourceTree = "<group>"; };
		4E699125152601C700E834FE /* second@2x.png */ = {isa = PBXFileReference; lastKnownFileType = image.png; path = "second@2x.png"; sourceTree = "<group>"; };
		4E69912C152601F400E834FE /* CoreData.framework */ = {isa = PBXFileReference; lastKnownFileType = wrapper.framework; name = CoreData.framework; path = System/Library/Frameworks/CoreData.framework; sourceTree = SDKROOT; };
		4E6991311526039300E834FE /* AddressBook.framework */ = {isa = PBXFileReference; lastKnownFileType = wrapper.framework; name = AddressBook.framework; path = System/Library/Frameworks/AddressBook.framework; sourceTree = SDKROOT; };
		4E6991321526039300E834FE /* AddressBookUI.framework */ = {isa = PBXFileReference; lastKnownFileType = wrapper.framework; name = AddressBookUI.framework; path = System/Library/Frameworks/AddressBookUI.framework; sourceTree = SDKROOT; };
		4E7023631527360B001CAC8E /* GKNewDriveController.h */ = {isa = PBXFileReference; fileEncoding = 4; lastKnownFileType = sourcecode.c.h; path = GKNewDriveController.h; sourceTree = "<group>"; };
		4E7023641527360B001CAC8E /* GKNewDriveController.m */ = {isa = PBXFileReference; fileEncoding = 4; lastKnownFileType = sourcecode.c.objc; path = GKNewDriveController.m; sourceTree = "<group>"; };
		4E70236A15274314001CAC8E /* GKDateChooser.h */ = {isa = PBXFileReference; fileEncoding = 4; lastKnownFileType = sourcecode.c.h; path = GKDateChooser.h; sourceTree = "<group>"; };
		4E70236E15274482001CAC8E /* GKDateChooser.m */ = {isa = PBXFileReference; fileEncoding = 4; lastKnownFileType = sourcecode.c.objc; name = GKDateChooser.m; path = ../GKDateChooser.m; sourceTree = "<group>"; };
		4E87C1E715266D46002D27EC /* CoreDataTableViewController.h */ = {isa = PBXFileReference; fileEncoding = 4; lastKnownFileType = sourcecode.c.h; path = CoreDataTableViewController.h; sourceTree = "<group>"; };
		4E87C1E815266D46002D27EC /* CoreDataTableViewController.m */ = {isa = PBXFileReference; fileEncoding = 4; lastKnownFileType = sourcecode.c.objc; path = CoreDataTableViewController.m; sourceTree = "<group>"; };
		4E87C1ED15267C8D002D27EC /* GKSetDriverName.h */ = {isa = PBXFileReference; fileEncoding = 4; lastKnownFileType = sourcecode.c.h; path = GKSetDriverName.h; sourceTree = "<group>"; };
		4E87C1EE15267C8E002D27EC /* GKSetDriverName.m */ = {isa = PBXFileReference; fileEncoding = 4; lastKnownFileType = sourcecode.c.objc; path = GKSetDriverName.m; sourceTree = "<group>"; };
		4E87C20215269604002D27EC /* Model.xcdatamodel */ = {isa = PBXFileReference; lastKnownFileType = wrapper.xcdatamodel; path = Model.xcdatamodel; sourceTree = "<group>"; };
		C516B6F61528F191001DA3FD /* GKManagedDrive.h */ = {isa = PBXFileReference; fileEncoding = 4; lastKnownFileType = sourcecode.c.h; path = GKManagedDrive.h; sourceTree = "<group>"; };
		C516B6F71528F192001DA3FD /* GKManagedDrive.m */ = {isa = PBXFileReference; fileEncoding = 4; lastKnownFileType = sourcecode.c.objc; path = GKManagedDrive.m; sourceTree = "<group>"; };
		C516B6F91528F192001DA3FD /* GKManagedDriver.h */ = {isa = PBXFileReference; fileEncoding = 4; lastKnownFileType = sourcecode.c.h; path = GKManagedDriver.h; sourceTree = "<group>"; };
		C516B6FA1528F192001DA3FD /* GKManagedDriver.m */ = {isa = PBXFileReference; fileEncoding = 4; lastKnownFileType = sourcecode.c.objc; path = GKManagedDriver.m; sourceTree = "<group>"; };
		C516B6FC1528F192001DA3FD /* GKManagedDebt.h */ = {isa = PBXFileReference; fileEncoding = 4; lastKnownFileType = sourcecode.c.h; path = GKManagedDebt.h; sourceTree = "<group>"; };
		C516B6FD1528F192001DA3FD /* GKManagedDebt.m */ = {isa = PBXFileReference; fileEncoding = 4; lastKnownFileType = sourcecode.c.objc; path = GKManagedDebt.m; sourceTree = "<group>"; };
		C53F703B152806AE00688163 /* GKCarpoolDB.h */ = {isa = PBXFileReference; fileEncoding = 4; lastKnownFileType = sourcecode.c.h; path = GKCarpoolDB.h; sourceTree = "<group>"; };
		C53F703C152806AE00688163 /* GKCarpoolDB.m */ = {isa = PBXFileReference; fileEncoding = 4; lastKnownFileType = sourcecode.c.objc; path = GKCarpoolDB.m; sourceTree = "<group>"; };
		C53F704215282CAE00688163 /* GKManagedDrive+CreateDrive.h */ = {isa = PBXFileReference; fileEncoding = 4; lastKnownFileType = sourcecode.c.h; path = "GKManagedDrive+CreateDrive.h"; sourceTree = "<group>"; };
		C53F704315282CAE00688163 /* GKManagedDrive+CreateDrive.m */ = {isa = PBXFileReference; fileEncoding = 4; lastKnownFileType = sourcecode.c.objc; path = "GKManagedDrive+CreateDrive.m"; sourceTree = "<group>"; };
		C5E13BBD15291FB900997AA6 /* NSObject+GKLog.h */ = {isa = PBXFileReference; lastKnownFileType = sourcecode.c.h; path = "NSObject+GKLog.h"; sourceTree = "<group>"; };
		C5E13BBE15291FB900997AA6 /* NSObject+GKLog.m */ = {isa = PBXFileReference; lastKnownFileType = sourcecode.c.objc; path = "NSObject+GKLog.m"; sourceTree = "<group>"; };
		C5E13BBF15291FB900997AA6 /* GKLogger.h */ = {isa = PBXFileReference; lastKnownFileType = sourcecode.c.h; path = GKLogger.h; sourceTree = "<group>"; };
		C5E13BC015291FB900997AA6 /* GKLogger.m */ = {isa = PBXFileReference; lastKnownFileType = sourcecode.c.objc; path = GKLogger.m; sourceTree = "<group>"; };
/* End PBXFileReference section */

/* Begin PBXFrameworksBuildPhase section */
		4E6990FD152601C700E834FE /* Frameworks */ = {
			isa = PBXFrameworksBuildPhase;
			buildActionMask = 2147483647;
			files = (
				4E6991331526039300E834FE /* AddressBook.framework in Frameworks */,
				4E6991341526039300E834FE /* AddressBookUI.framework in Frameworks */,
				4E69912D152601F400E834FE /* CoreData.framework in Frameworks */,
				4E699105152601C700E834FE /* UIKit.framework in Frameworks */,
				4E699107152601C700E834FE /* Foundation.framework in Frameworks */,
				4E699109152601C700E834FE /* CoreGraphics.framework in Frameworks */,
			);
			runOnlyForDeploymentPostprocessing = 0;
		};
/* End PBXFrameworksBuildPhase section */

/* Begin PBXGroup section */
		4E65518F15260B0900C64AD5 /* core data based model */ = {
			isa = PBXGroup;
			children = (
				4E87C20115269604002D27EC /* Model.xcdatamodeld */,
				C516B6F61528F191001DA3FD /* GKManagedDrive.h */,
				C516B6FC1528F192001DA3FD /* GKManagedDebt.h */,
				C516B6FD1528F192001DA3FD /* GKManagedDebt.m */,
				C516B6F91528F192001DA3FD /* GKManagedDriver.h */,
				C516B6FA1528F192001DA3FD /* GKManagedDriver.m */,
				C516B6F71528F192001DA3FD /* GKManagedDrive.m */,
				C53F704215282CAE00688163 /* GKManagedDrive+CreateDrive.h */,
				C53F704315282CAE00688163 /* GKManagedDrive+CreateDrive.m */,
				C53F703B152806AE00688163 /* GKCarpoolDB.h */,
				C53F703C152806AE00688163 /* GKCarpoolDB.m */,
			);
			name = "core data based model";
			sourceTree = "<group>";
		};
		4E6990F5152601C700E834FE = {
			isa = PBXGroup;
			children = (
				4E69910A152601C700E834FE /* GKCoreDataExperiment */,
				4E699103152601C700E834FE /* Frameworks */,
				4E699101152601C700E834FE /* Products */,
			);
			sourceTree = "<group>";
		};
		4E699101152601C700E834FE /* Products */ = {
			isa = PBXGroup;
			children = (
				4E699100152601C700E834FE /* GKCoreDataExperiment.app */,
			);
			name = Products;
			sourceTree = "<group>";
		};
		4E699103152601C700E834FE /* Frameworks */ = {
			isa = PBXGroup;
			children = (
				4E6991311526039300E834FE /* AddressBook.framework */,
				4E6991321526039300E834FE /* AddressBookUI.framework */,
				4E69912C152601F400E834FE /* CoreData.framework */,
				4E699104152601C700E834FE /* UIKit.framework */,
				4E699106152601C700E834FE /* Foundation.framework */,
				4E699108152601C700E834FE /* CoreGraphics.framework */,
			);
			name = Frameworks;
			sourceTree = "<group>";
		};
		4E69910A152601C700E834FE /* GKCoreDataExperiment */ = {
			isa = PBXGroup;
			children = (
				4E699116152601C700E834FE /* MainStoryboard.storyboard */,
				4E70236A15274314001CAC8E /* GKDateChooser.h */,
				4E70236E15274482001CAC8E /* GKDateChooser.m */,
				4E7023631527360B001CAC8E /* GKNewDriveController.h */,
				4E7023641527360B001CAC8E /* GKNewDriveController.m */,
				4E65519815260FF100C64AD5 /* GKAllDrivers.h */,
				4E65519915260FF100C64AD5 /* GKAllDrivers.m */,
				4E87C1ED15267C8D002D27EC /* GKSetDriverName.h */,
				4E87C1EE15267C8E002D27EC /* GKSetDriverName.m */,
				4E65519D1526119000C64AD5 /* GKDriverCell.h */,
				4E65519E1526119000C64AD5 /* GKDriverCell.m */,
				4E87C1E515266CF7002D27EC /* from photomania */,
				4E65518F15260B0900C64AD5 /* core data based model */,
				C5E13BBB15291F9D00997AA6 /* logger */,
				4E69910B152601C700E834FE /* Supporting Files */,
			);
			path = GKCoreDataExperiment;
			sourceTree = "<group>";
		};
		4E69910B152601C700E834FE /* Supporting Files */ = {
			isa = PBXGroup;
			children = (
				4E699120152601C700E834FE /* GKSecondViewController.h */,
				4E699121152601C700E834FE /* GKSecondViewController.m */,
				4E699125152601C700E834FE /* second@2x.png */,
				4E699123152601C700E834FE /* second.png */,
				4E69911C152601C700E834FE /* first.png */,
				4E69911E152601C700E834FE /* first@2x.png */,
				4E699113152601C700E834FE /* GKAppDelegate.h */,
				4E699114152601C700E834FE /* GKAppDelegate.m */,
				4E65519615260EAC00C64AD5 /* Q1.PNG */,
				4E69910C152601C700E834FE /* GKCoreDataExperiment-Info.plist */,
				4E69910D152601C700E834FE /* InfoPlist.strings */,
				4E699110152601C700E834FE /* main.m */,
				4E699112152601C700E834FE /* GKCoreDataExperiment-Prefix.pch */,
			);
			name = "Supporting Files";
			sourceTree = "<group>";
		};
		4E87C1E515266CF7002D27EC /* from photomania */ = {
			isa = PBXGroup;
			children = (
				4E87C1E715266D46002D27EC /* CoreDataTableViewController.h */,
				4E87C1E815266D46002D27EC /* CoreDataTableViewController.m */,
			);
			name = "from photomania";
			sourceTree = "<group>";
		};
		C5E13BBB15291F9D00997AA6 /* logger */ = {
			isa = PBXGroup;
			children = (
				C5E13BBD15291FB900997AA6 /* NSObject+GKLog.h */,
				C5E13BBE15291FB900997AA6 /* NSObject+GKLog.m */,
				C5E13BBF15291FB900997AA6 /* GKLogger.h */,
				C5E13BC015291FB900997AA6 /* GKLogger.m */,
			);
			name = logger;
			sourceTree = "<group>";
		};
/* End PBXGroup section */

/* Begin PBXNativeTarget section */
		4E6990FF152601C700E834FE /* GKCoreDataExperiment */ = {
			isa = PBXNativeTarget;
			buildConfigurationList = 4E699129152601C700E834FE /* Build configuration list for PBXNativeTarget "GKCoreDataExperiment" */;
			buildPhases = (
				4E6990FC152601C700E834FE /* Sources */,
				4E6990FD152601C700E834FE /* Frameworks */,
				4E6990FE152601C700E834FE /* Resources */,
			);
			buildRules = (
			);
			dependencies = (
			);
			name = GKCoreDataExperiment;
			productName = GKCoreDataExperiment;
			productReference = 4E699100152601C700E834FE /* GKCoreDataExperiment.app */;
			productType = "com.apple.product-type.application";
		};
/* End PBXNativeTarget section */

/* Begin PBXProject section */
		4E6990F7152601C700E834FE /* Project object */ = {
			isa = PBXProject;
			attributes = {
				LastUpgradeCheck = 0420;
				ORGANIZATIONNAME = "The Hebrew University";
			};
			buildConfigurationList = 4E6990FA152601C700E834FE /* Build configuration list for PBXProject "GKCoreDataExperiment" */;
			compatibilityVersion = "Xcode 3.2";
			developmentRegion = English;
			hasScannedForEncodings = 0;
			knownRegions = (
				en,
			);
			mainGroup = 4E6990F5152601C700E834FE;
			productRefGroup = 4E699101152601C700E834FE /* Products */;
			projectDirPath = "";
			projectRoot = "";
			targets = (
				4E6990FF152601C700E834FE /* GKCoreDataExperiment */,
			);
		};
/* End PBXProject section */

/* Begin PBXResourcesBuildPhase section */
		4E6990FE152601C700E834FE /* Resources */ = {
			isa = PBXResourcesBuildPhase;
			buildActionMask = 2147483647;
			files = (
				4E69910F152601C700E834FE /* InfoPlist.strings in Resources */,
				4E699118152601C700E834FE /* MainStoryboard.storyboard in Resources */,
				4E69911D152601C700E834FE /* first.png in Resources */,
				4E69911F152601C700E834FE /* first@2x.png in Resources */,
				4E699124152601C700E834FE /* second.png in Resources */,
				4E699126152601C700E834FE /* second@2x.png in Resources */,
				4E65519715260EAC00C64AD5 /* Q1.PNG in Resources */,
			);
			runOnlyForDeploymentPostprocessing = 0;
		};
/* End PBXResourcesBuildPhase section */

/* Begin PBXSourcesBuildPhase section */
		4E6990FC152601C700E834FE /* Sources */ = {
			isa = PBXSourcesBuildPhase;
			buildActionMask = 2147483647;
			files = (
				4E699111152601C700E834FE /* main.m in Sources */,
				4E699115152601C700E834FE /* GKAppDelegate.m in Sources */,
				4E699122152601C700E834FE /* GKSecondViewController.m in Sources */,
				4E65519B15260FF100C64AD5 /* GKAllDrivers.m in Sources */,
				4E65519F1526119000C64AD5 /* GKDriverCell.m in Sources */,
				4E87C1E915266D46002D27EC /* CoreDataTableViewController.m in Sources */,
				4E87C1EF15267C8E002D27EC /* GKSetDriverName.m in Sources */,
				4E87C20315269604002D27EC /* Model.xcdatamodeld in Sources */,
				4E7023651527360B001CAC8E /* GKNewDriveController.m in Sources */,
				4E70236F15274482001CAC8E /* GKDateChooser.m in Sources */,
				C53F703D152806AE00688163 /* GKCarpoolDB.m in Sources */,
				C53F704415282CAE00688163 /* GKManagedDrive+CreateDrive.m in Sources */,
				C516B6F81528F192001DA3FD /* GKManagedDrive.m in Sources */,
				C516B6FB1528F192001DA3FD /* GKManagedDriver.m in Sources */,
				C516B6FE1528F192001DA3FD /* GKManagedDebt.m in Sources */,
			);
			runOnlyForDeploymentPostprocessing = 0;
		};
/* End PBXSourcesBuildPhase section */

/* Begin PBXVariantGroup section */
		4E69910D152601C700E834FE /* InfoPlist.strings */ = {
			isa = PBXVariantGroup;
			children = (
				4E69910E152601C700E834FE /* en */,
			);
			name = InfoPlist.strings;
			sourceTree = "<group>";
		};
		4E699116152601C700E834FE /* MainStoryboard.storyboard */ = {
			isa = PBXVariantGroup;
			children = (
				4E699117152601C700E834FE /* en */,
			);
			name = MainStoryboard.storyboard;
			sourceTree = "<group>";
		};
/* End PBXVariantGroup section */

/* Begin XCBuildConfiguration section */
		4E699127152601C700E834FE /* Debug */ = {
			isa = XCBuildConfiguration;
			buildSettings = {
				ALWAYS_SEARCH_USER_PATHS = NO;
				ARCHS = "$(ARCHS_STANDARD_32_BIT)";
				CLANG_ENABLE_OBJC_ARC = YES;
				"CODE_SIGN_IDENTITY[sdk=iphoneos*]" = "iPhone Developer";
				COPY_PHASE_STRIP = NO;
				GCC_C_LANGUAGE_STANDARD = gnu99;
				GCC_DYNAMIC_NO_PIC = NO;
				GCC_OPTIMIZATION_LEVEL = 0;
				GCC_PREPROCESSOR_DEFINITIONS = (
					"DEBUG=1",
					"$(inherited)",
				);
				GCC_SYMBOLS_PRIVATE_EXTERN = NO;
				GCC_VERSION = com.apple.compilers.llvm.clang.1_0;
				GCC_WARN_ABOUT_MISSING_PROTOTYPES = YES;
				GCC_WARN_ABOUT_RETURN_TYPE = YES;
				GCC_WARN_UNUSED_VARIABLE = YES;
				IPHONEOS_DEPLOYMENT_TARGET = 5.0;
				SDKROOT = iphoneos;
			};
			name = Debug;
		};
		4E699128152601C700E834FE /* Release */ = {
			isa = XCBuildConfiguration;
			buildSettings = {
				ALWAYS_SEARCH_USER_PATHS = NO;
				ARCHS = "$(ARCHS_STANDARD_32_BIT)";
				CLANG_ENABLE_OBJC_ARC = YES;
				"CODE_SIGN_IDENTITY[sdk=iphoneos*]" = "iPhone Developer";
				COPY_PHASE_STRIP = YES;
				GCC_C_LANGUAGE_STANDARD = gnu99;
				GCC_VERSION = com.apple.compilers.llvm.clang.1_0;
				GCC_WARN_ABOUT_MISSING_PROTOTYPES = YES;
				GCC_WARN_ABOUT_RETURN_TYPE = YES;
				GCC_WARN_UNUSED_VARIABLE = YES;
				IPHONEOS_DEPLOYMENT_TARGET = 5.0;
				OTHER_CFLAGS = "-DNS_BLOCK_ASSERTIONS=1";
				SDKROOT = iphoneos;
				VALIDATE_PRODUCT = YES;
			};
			name = Release;
		};
		4E69912A152601C700E834FE /* Debug */ = {
			isa = XCBuildConfiguration;
			buildSettings = {
				GCC_PRECOMPILE_PREFIX_HEADER = YES;
				GCC_PREFIX_HEADER = "GKCoreDataExperiment/GKCoreDataExperiment-Prefix.pch";
				INFOPLIST_FILE = "GKCoreDataExperiment/GKCoreDataExperiment-Info.plist";
				PRODUCT_NAME = "$(TARGET_NAME)";
				WRAPPER_EXTENSION = app;
			};
			name = Debug;
		};
		4E69912B152601C700E834FE /* Release */ = {
			isa = XCBuildConfiguration;
			buildSettings = {
				GCC_PRECOMPILE_PREFIX_HEADER = YES;
				GCC_PREFIX_HEADER = "GKCoreDataExperiment/GKCoreDataExperiment-Prefix.pch";
				INFOPLIST_FILE = "GKCoreDataExperiment/GKCoreDataExperiment-Info.plist";
				PRODUCT_NAME = "$(TARGET_NAME)";
				WRAPPER_EXTENSION = app;
			};
			name = Release;
		};
/* End XCBuildConfiguration section */

/* Begin XCConfigurationList section */
		4E6990FA152601C700E834FE /* Build configuration list for PBXProject "GKCoreDataExperiment" */ = {
			isa = XCConfigurationList;
			buildConfigurations = (
				4E699127152601C700E834FE /* Debug */,
				4E699128152601C700E834FE /* Release */,
			);
			defaultConfigurationIsVisible = 0;
			defaultConfigurationName = Release;
		};
		4E699129152601C700E834FE /* Build configuration list for PBXNativeTarget "GKCoreDataExperiment" */ = {
			isa = XCConfigurationList;
			buildConfigurations = (
				4E69912A152601C700E834FE /* Debug */,
				4E69912B152601C700E834FE /* Release */,
			);
			defaultConfigurationIsVisible = 0;
			defaultConfigurationName = Release;
		};
/* End XCConfigurationList section */

/* Begin XCVersionGroup section */
		4E87C20115269604002D27EC /* Model.xcdatamodeld */ = {
			isa = XCVersionGroup;
			children = (
				4E87C20215269604002D27EC /* Model.xcdatamodel */,
			);
			currentVersion = 4E87C20215269604002D27EC /* Model.xcdatamodel */;
			path = Model.xcdatamodeld;
			sourceTree = "<group>";
			versionGroupType = wrapper.xcdatamodel;
		};
/* End XCVersionGroup section */
	};
	rootObject = 4E6990F7152601C700E834FE /* Project object */;
}
